// !$*UTF8*$!
{
	archiveVersion = 1;
	classes = {
	};
	objectVersion = 46;
	objects = {

/* Begin PBXBuildFile section */
		533432691D1FB7A500737A81 /* TweetTableViewCell.swift in Sources */ = {isa = PBXBuildFile; fileRef = 533432681D1FB7A500737A81 /* TweetTableViewCell.swift */; };
		533B11A41D2649E8002D3CDA /* WebViewController.swift in Sources */ = {isa = PBXBuildFile; fileRef = 533B11A31D2649E8002D3CDA /* WebViewController.swift */; };
		533B11A61D268B48002D3CDA /* TweetsTracking.swift in Sources */ = {isa = PBXBuildFile; fileRef = 533B11A51D268B48002D3CDA /* TweetsTracking.swift */; };
		535BB74E1D22D07400C85B67 /* DetailedTweetTableViewController.swift in Sources */ = {isa = PBXBuildFile; fileRef = 535BB74D1D22D07400C85B67 /* DetailedTweetTableViewController.swift */; };
		535BB7501D22E17A00C85B67 /* ImagesTableViewCell.swift in Sources */ = {isa = PBXBuildFile; fileRef = 535BB74F1D22E17A00C85B67 /* ImagesTableViewCell.swift */; };
		535BB7521D22E19700C85B67 /* TextTableViewCell.swift in Sources */ = {isa = PBXBuildFile; fileRef = 535BB7511D22E19700C85B67 /* TextTableViewCell.swift */; };
		536A1E311D24F3E600324A61 /* SearchResultsTableViewController.swift in Sources */ = {isa = PBXBuildFile; fileRef = 536A1E301D24F3E600324A61 /* SearchResultsTableViewController.swift */; };
		536A1E331D25177100324A61 /* ImageViewController.swift in Sources */ = {isa = PBXBuildFile; fileRef = 536A1E321D25177100324A61 /* ImageViewController.swift */; };
		537F50551D1EE0D000AB54EF /* AppDelegate.swift in Sources */ = {isa = PBXBuildFile; fileRef = 537F50541D1EE0D000AB54EF /* AppDelegate.swift */; };
		537F505A1D1EE0D000AB54EF /* Main.storyboard in Resources */ = {isa = PBXBuildFile; fileRef = 537F50581D1EE0D000AB54EF /* Main.storyboard */; };
		537F505C1D1EE0D000AB54EF /* Assets.xcassets in Resources */ = {isa = PBXBuildFile; fileRef = 537F505B1D1EE0D000AB54EF /* Assets.xcassets */; };
		537F505F1D1EE0D000AB54EF /* LaunchScreen.storyboard in Resources */ = {isa = PBXBuildFile; fileRef = 537F505D1D1EE0D000AB54EF /* LaunchScreen.storyboard */; };
		537F50681D1EE22500AB54EF /* TweetTableViewController.swift in Sources */ = {isa = PBXBuildFile; fileRef = 537F50671D1EE22500AB54EF /* TweetTableViewController.swift */; };
		539C2D191D26ED5B00142A73 /* Twitter.framework in Frameworks */ = {isa = PBXBuildFile; fileRef = 539C2D181D26ED5B00142A73 /* Twitter.framework */; };
		539C2D1A1D26ED5B00142A73 /* Twitter.framework in Embed Frameworks */ = {isa = PBXBuildFile; fileRef = 539C2D181D26ED5B00142A73 /* Twitter.framework */; settings = {ATTRIBUTES = (CodeSignOnCopy, RemoveHeadersOnCopy, ); }; };
		539C2D1D1D278E8D00142A73 /* SmashtagBarViewController.swift in Sources */ = {isa = PBXBuildFile; fileRef = 539C2D1C1D278E8D00142A73 /* SmashtagBarViewController.swift */; };
		53B61B691D26DE9000E9BC3A /* RecentTweetsTableViewController.swift in Sources */ = {isa = PBXBuildFile; fileRef = 53B61B681D26DE9000E9BC3A /* RecentTweetsTableViewController.swift */; };
		53E3303C1D2835A80029BB56 /* ImageCollectionViewLayout.swift in Sources */ = {isa = PBXBuildFile; fileRef = 53E3303B1D2835A80029BB56 /* ImageCollectionViewLayout.swift */; };
		53E3303E1D28C3D30029BB56 /* CHTCollectionViewWaterfallLayout.swift in Sources */ = {isa = PBXBuildFile; fileRef = 53E3303D1D28C3D30029BB56 /* CHTCollectionViewWaterfallLayout.swift */; };
		53EDB1331D27DC7B000B8B40 /* ImagesCollectionViewController.swift in Sources */ = {isa = PBXBuildFile; fileRef = 53EDB1321D27DC7B000B8B40 /* ImagesCollectionViewController.swift */; };
		53EDB1351D27F186000B8B40 /* ImageCollectionViewCell.swift in Sources */ = {isa = PBXBuildFile; fileRef = 53EDB1341D27F186000B8B40 /* ImageCollectionViewCell.swift */; };
/* End PBXBuildFile section */

/* Begin PBXCopyFilesBuildPhase section */
		539C2D1B1D26ED5B00142A73 /* Embed Frameworks */ = {
			isa = PBXCopyFilesBuildPhase;
			buildActionMask = 2147483647;
			dstPath = "";
			dstSubfolderSpec = 10;
			files = (
				539C2D1A1D26ED5B00142A73 /* Twitter.framework in Embed Frameworks */,
			);
			name = "Embed Frameworks";
			runOnlyForDeploymentPostprocessing = 0;
		};
/* End PBXCopyFilesBuildPhase section */

/* Begin PBXFileReference section */
		533432681D1FB7A500737A81 /* TweetTableViewCell.swift */ = {isa = PBXFileReference; fileEncoding = 4; lastKnownFileType = sourcecode.swift; path = TweetTableViewCell.swift; sourceTree = "<group>"; };
		533B11A31D2649E8002D3CDA /* WebViewController.swift */ = {isa = PBXFileReference; fileEncoding = 4; lastKnownFileType = sourcecode.swift; path = WebViewController.swift; sourceTree = "<group>"; };
		533B11A51D268B48002D3CDA /* TweetsTracking.swift */ = {isa = PBXFileReference; fileEncoding = 4; lastKnownFileType = sourcecode.swift; path = TweetsTracking.swift; sourceTree = "<group>"; };
		535BB74D1D22D07400C85B67 /* DetailedTweetTableViewController.swift */ = {isa = PBXFileReference; fileEncoding = 4; lastKnownFileType = sourcecode.swift; path = DetailedTweetTableViewController.swift; sourceTree = "<group>"; };
		535BB74F1D22E17A00C85B67 /* ImagesTableViewCell.swift */ = {isa = PBXFileReference; fileEncoding = 4; lastKnownFileType = sourcecode.swift; path = ImagesTableViewCell.swift; sourceTree = "<group>"; };
		535BB7511D22E19700C85B67 /* TextTableViewCell.swift */ = {isa = PBXFileReference; fileEncoding = 4; lastKnownFileType = sourcecode.swift; path = TextTableViewCell.swift; sourceTree = "<group>"; };
		536A1E301D24F3E600324A61 /* SearchResultsTableViewController.swift */ = {isa = PBXFileReference; fileEncoding = 4; lastKnownFileType = sourcecode.swift; path = SearchResultsTableViewController.swift; sourceTree = "<group>"; };
		536A1E321D25177100324A61 /* ImageViewController.swift */ = {isa = PBXFileReference; fileEncoding = 4; lastKnownFileType = sourcecode.swift; path = ImageViewController.swift; sourceTree = "<group>"; };
		537F50511D1EE0D000AB54EF /* Smashtag.app */ = {isa = PBXFileReference; explicitFileType = wrapper.application; includeInIndex = 0; path = Smashtag.app; sourceTree = BUILT_PRODUCTS_DIR; };
		537F50541D1EE0D000AB54EF /* AppDelegate.swift */ = {isa = PBXFileReference; lastKnownFileType = sourcecode.swift; path = AppDelegate.swift; sourceTree = "<group>"; };
		537F50591D1EE0D000AB54EF /* Base */ = {isa = PBXFileReference; lastKnownFileType = file.storyboard; name = Base; path = Base.lproj/Main.storyboard; sourceTree = "<group>"; };
		537F505B1D1EE0D000AB54EF /* Assets.xcassets */ = {isa = PBXFileReference; lastKnownFileType = folder.assetcatalog; path = Assets.xcassets; sourceTree = "<group>"; };
		537F505E1D1EE0D000AB54EF /* Base */ = {isa = PBXFileReference; lastKnownFileType = file.storyboard; name = Base; path = Base.lproj/LaunchScreen.storyboard; sourceTree = "<group>"; };
		537F50601D1EE0D000AB54EF /* Info.plist */ = {isa = PBXFileReference; lastKnownFileType = text.plist.xml; path = Info.plist; sourceTree = "<group>"; };
		537F50671D1EE22500AB54EF /* TweetTableViewController.swift */ = {isa = PBXFileReference; fileEncoding = 4; lastKnownFileType = sourcecode.swift; path = TweetTableViewController.swift; sourceTree = "<group>"; };
		539C2D181D26ED5B00142A73 /* Twitter.framework */ = {isa = PBXFileReference; explicitFileType = wrapper.framework; name = Twitter.framework; path = "/Users/llodi/Library/Developer/Xcode/DerivedData/TweeterClient-bjxfifmqggvmzbeqaszwvpsmunaw/Build/Products/Debug-iphoneos/Twitter.framework"; sourceTree = "<absolute>"; };
		539C2D1C1D278E8D00142A73 /* SmashtagBarViewController.swift */ = {isa = PBXFileReference; fileEncoding = 4; lastKnownFileType = sourcecode.swift; path = SmashtagBarViewController.swift; sourceTree = "<group>"; };
		53B61B681D26DE9000E9BC3A /* RecentTweetsTableViewController.swift */ = {isa = PBXFileReference; fileEncoding = 4; lastKnownFileType = sourcecode.swift; path = RecentTweetsTableViewController.swift; sourceTree = "<group>"; };
		53E3303B1D2835A80029BB56 /* ImageCollectionViewLayout.swift */ = {isa = PBXFileReference; fileEncoding = 4; lastKnownFileType = sourcecode.swift; path = ImageCollectionViewLayout.swift; sourceTree = "<group>"; };
		53E3303D1D28C3D30029BB56 /* CHTCollectionViewWaterfallLayout.swift */ = {isa = PBXFileReference; fileEncoding = 4; lastKnownFileType = sourcecode.swift; path = CHTCollectionViewWaterfallLayout.swift; sourceTree = "<group>"; };
		53EDB1321D27DC7B000B8B40 /* ImagesCollectionViewController.swift */ = {isa = PBXFileReference; fileEncoding = 4; lastKnownFileType = sourcecode.swift; path = ImagesCollectionViewController.swift; sourceTree = "<group>"; };
		53EDB1341D27F186000B8B40 /* ImageCollectionViewCell.swift */ = {isa = PBXFileReference; fileEncoding = 4; lastKnownFileType = sourcecode.swift; path = ImageCollectionViewCell.swift; sourceTree = "<group>"; };
/* End PBXFileReference section */

/* Begin PBXFrameworksBuildPhase section */
		537F504E1D1EE0D000AB54EF /* Frameworks */ = {
			isa = PBXFrameworksBuildPhase;
			buildActionMask = 2147483647;
			files = (
				539C2D191D26ED5B00142A73 /* Twitter.framework in Frameworks */,
			);
			runOnlyForDeploymentPostprocessing = 0;
		};
/* End PBXFrameworksBuildPhase section */

/* Begin PBXGroup section */
		537F50481D1EE0D000AB54EF = {
			isa = PBXGroup;
			children = (
				539C2D181D26ED5B00142A73 /* Twitter.framework */,
				537F50531D1EE0D000AB54EF /* Smashtag */,
				537F50521D1EE0D000AB54EF /* Products */,
			);
			sourceTree = "<group>";
		};
		537F50521D1EE0D000AB54EF /* Products */ = {
			isa = PBXGroup;
			children = (
				537F50511D1EE0D000AB54EF /* Smashtag.app */,
			);
			name = Products;
			sourceTree = "<group>";
		};
		537F50531D1EE0D000AB54EF /* Smashtag */ = {
			isa = PBXGroup;
			children = (
				53E3303D1D28C3D30029BB56 /* CHTCollectionViewWaterfallLayout.swift */,
				53EDB1321D27DC7B000B8B40 /* ImagesCollectionViewController.swift */,
				53EDB1341D27F186000B8B40 /* ImageCollectionViewCell.swift */,
				537F50581D1EE0D000AB54EF /* Main.storyboard */,
				53E3303B1D2835A80029BB56 /* ImageCollectionViewLayout.swift */,
				533B11A31D2649E8002D3CDA /* WebViewController.swift */,
				533B11A51D268B48002D3CDA /* TweetsTracking.swift */,
				536A1E321D25177100324A61 /* ImageViewController.swift */,
				535BB74F1D22E17A00C85B67 /* ImagesTableViewCell.swift */,
				535BB7511D22E19700C85B67 /* TextTableViewCell.swift */,
				535BB74D1D22D07400C85B67 /* DetailedTweetTableViewController.swift */,
				533432681D1FB7A500737A81 /* TweetTableViewCell.swift */,
				537F50671D1EE22500AB54EF /* TweetTableViewController.swift */,
				539C2D1C1D278E8D00142A73 /* SmashtagBarViewController.swift */,
				536A1E301D24F3E600324A61 /* SearchResultsTableViewController.swift */,
				53B61B681D26DE9000E9BC3A /* RecentTweetsTableViewController.swift */,
				537F50661D1EE12400AB54EF /* Supporting Files */,
			);
			path = Smashtag;
			sourceTree = "<group>";
		};
		537F50661D1EE12400AB54EF /* Supporting Files */ = {
			isa = PBXGroup;
			children = (
				537F50541D1EE0D000AB54EF /* AppDelegate.swift */,
				537F505B1D1EE0D000AB54EF /* Assets.xcassets */,
				537F505D1D1EE0D000AB54EF /* LaunchScreen.storyboard */,
				537F50601D1EE0D000AB54EF /* Info.plist */,
			);
			name = "Supporting Files";
			sourceTree = "<group>";
		};
/* End PBXGroup section */

/* Begin PBXNativeTarget section */
		537F50501D1EE0D000AB54EF /* Smashtag */ = {
			isa = PBXNativeTarget;
			buildConfigurationList = 537F50631D1EE0D000AB54EF /* Build configuration list for PBXNativeTarget "Smashtag" */;
			buildPhases = (
				537F504D1D1EE0D000AB54EF /* Sources */,
				537F504E1D1EE0D000AB54EF /* Frameworks */,
				537F504F1D1EE0D000AB54EF /* Resources */,
				539C2D1B1D26ED5B00142A73 /* Embed Frameworks */,
			);
			buildRules = (
			);
			dependencies = (
			);
			name = Smashtag;
			productName = Shashtag;
			productReference = 537F50511D1EE0D000AB54EF /* Smashtag.app */;
			productType = "com.apple.product-type.application";
		};
/* End PBXNativeTarget section */

/* Begin PBXProject section */
		537F50491D1EE0D000AB54EF /* Project object */ = {
			isa = PBXProject;
			attributes = {
				LastSwiftUpdateCheck = 0730;
				LastUpgradeCheck = 0730;
				ORGANIZATIONNAME = "Ilya Dolgopolov";
				TargetAttributes = {
					537F50501D1EE0D000AB54EF = {
						CreatedOnToolsVersion = 7.3.1;
						DevelopmentTeam = 8PLC6EGN2P;
					};
				};
			};
			buildConfigurationList = 537F504C1D1EE0D000AB54EF /* Build configuration list for PBXProject "Smashtag" */;
			compatibilityVersion = "Xcode 3.2";
			developmentRegion = English;
			hasScannedForEncodings = 0;
			knownRegions = (
				en,
				Base,
			);
			mainGroup = 537F50481D1EE0D000AB54EF;
			productRefGroup = 537F50521D1EE0D000AB54EF /* Products */;
			projectDirPath = "";
			projectRoot = "";
			targets = (
				537F50501D1EE0D000AB54EF /* Smashtag */,
			);
		};
/* End PBXProject section */

/* Begin PBXResourcesBuildPhase section */
		537F504F1D1EE0D000AB54EF /* Resources */ = {
			isa = PBXResourcesBuildPhase;
			buildActionMask = 2147483647;
			files = (
				537F505F1D1EE0D000AB54EF /* LaunchScreen.storyboard in Resources */,
				537F505C1D1EE0D000AB54EF /* Assets.xcassets in Resources */,
				537F505A1D1EE0D000AB54EF /* Main.storyboard in Resources */,
			);
			runOnlyForDeploymentPostprocessing = 0;
		};
/* End PBXResourcesBuildPhase section */

/* Begin PBXSourcesBuildPhase section */
		537F504D1D1EE0D000AB54EF /* Sources */ = {
			isa = PBXSourcesBuildPhase;
			buildActionMask = 2147483647;
			files = (
				53EDB1331D27DC7B000B8B40 /* ImagesCollectionViewController.swift in Sources */,
				537F50551D1EE0D000AB54EF /* AppDelegate.swift in Sources */,
				533B11A41D2649E8002D3CDA /* WebViewController.swift in Sources */,
				539C2D1D1D278E8D00142A73 /* SmashtagBarViewController.swift in Sources */,
				535BB74E1D22D07400C85B67 /* DetailedTweetTableViewController.swift in Sources */,
				535BB7521D22E19700C85B67 /* TextTableViewCell.swift in Sources */,
				533B11A61D268B48002D3CDA /* TweetsTracking.swift in Sources */,
				53E3303E1D28C3D30029BB56 /* CHTCollectionViewWaterfallLayout.swift in Sources */,
				53B61B691D26DE9000E9BC3A /* RecentTweetsTableViewController.swift in Sources */,
				537F50681D1EE22500AB54EF /* TweetTableViewController.swift in Sources */,
				533432691D1FB7A500737A81 /* TweetTableViewCell.swift in Sources */,
				53E3303C1D2835A80029BB56 /* ImageCollectionViewLayout.swift in Sources */,
				53EDB1351D27F186000B8B40 /* ImageCollectionViewCell.swift in Sources */,
				536A1E311D24F3E600324A61 /* SearchResultsTableViewController.swift in Sources */,
				536A1E331D25177100324A61 /* ImageViewController.swift in Sources */,
				535BB7501D22E17A00C85B67 /* ImagesTableViewCell.swift in Sources */,
			);
			runOnlyForDeploymentPostprocessing = 0;
		};
/* End PBXSourcesBuildPhase section */

/* Begin PBXVariantGroup section */
		537F50581D1EE0D000AB54EF /* Main.storyboard */ = {
			isa = PBXVariantGroup;
			children = (
				537F50591D1EE0D000AB54EF /* Base */,
			);
			name = Main.storyboard;
			sourceTree = "<group>";
		};
		537F505D1D1EE0D000AB54EF /* LaunchScreen.storyboard */ = {
			isa = PBXVariantGroup;
			children = (
				537F505E1D1EE0D000AB54EF /* Base */,
			);
			name = LaunchScreen.storyboard;
			sourceTree = "<group>";
		};
/* End PBXVariantGroup section */

/* Begin XCBuildConfiguration section */
		537F50611D1EE0D000AB54EF /* Debug */ = {
			isa = XCBuildConfiguration;
			buildSettings = {
				ALWAYS_SEARCH_USER_PATHS = NO;
				CLANG_ANALYZER_NONNULL = YES;
				CLANG_CXX_LANGUAGE_STANDARD = "gnu++0x";
				CLANG_CXX_LIBRARY = "libc++";
				CLANG_ENABLE_MODULES = YES;
				CLANG_ENABLE_OBJC_ARC = YES;
				CLANG_WARN_BOOL_CONVERSION = YES;
				CLANG_WARN_CONSTANT_CONVERSION = YES;
				CLANG_WARN_DIRECT_OBJC_ISA_USAGE = YES_ERROR;
				CLANG_WARN_EMPTY_BODY = YES;
				CLANG_WARN_ENUM_CONVERSION = YES;
				CLANG_WARN_INT_CONVERSION = YES;
				CLANG_WARN_OBJC_ROOT_CLASS = YES_ERROR;
				CLANG_WARN_UNREACHABLE_CODE = YES;
				CLANG_WARN__DUPLICATE_METHOD_MATCH = YES;
				"CODE_SIGN_IDENTITY[sdk=iphoneos*]" = "iPhone Developer";
				COPY_PHASE_STRIP = NO;
				DEBUG_INFORMATION_FORMAT = dwarf;
				ENABLE_STRICT_OBJC_MSGSEND = YES;
				ENABLE_TESTABILITY = YES;
				GCC_C_LANGUAGE_STANDARD = gnu99;
				GCC_DYNAMIC_NO_PIC = NO;
				GCC_NO_COMMON_BLOCKS = YES;
				GCC_OPTIMIZATION_LEVEL = 0;
				GCC_PREPROCESSOR_DEFINITIONS = (
					"DEBUG=1",
					"$(inherited)",
				);
				GCC_WARN_64_TO_32_BIT_CONVERSION = YES;
				GCC_WARN_ABOUT_RETURN_TYPE = YES_ERROR;
				GCC_WARN_UNDECLARED_SELECTOR = YES;
				GCC_WARN_UNINITIALIZED_AUTOS = YES_AGGRESSIVE;
				GCC_WARN_UNUSED_FUNCTION = YES;
				GCC_WARN_UNUSED_VARIABLE = YES;
				IPHONEOS_DEPLOYMENT_TARGET = 9.3;
				MTL_ENABLE_DEBUG_INFO = YES;
				ONLY_ACTIVE_ARCH = YES;
				SDKROOT = iphoneos;
				SWIFT_OPTIMIZATION_LEVEL = "-Onone";
			};
			name = Debug;
		};
		537F50621D1EE0D000AB54EF /* Release */ = {
			isa = XCBuildConfiguration;
			buildSettings = {
				ALWAYS_SEARCH_USER_PATHS = NO;
				CLANG_ANALYZER_NONNULL = YES;
				CLANG_CXX_LANGUAGE_STANDARD = "gnu++0x";
				CLANG_CXX_LIBRARY = "libc++";
				CLANG_ENABLE_MODULES = YES;
				CLANG_ENABLE_OBJC_ARC = YES;
				CLANG_WARN_BOOL_CONVERSION = YES;
				CLANG_WARN_CONSTANT_CONVERSION = YES;
				CLANG_WARN_DIRECT_OBJC_ISA_USAGE = YES_ERROR;
				CLANG_WARN_EMPTY_BODY = YES;
				CLANG_WARN_ENUM_CONVERSION = YES;
				CLANG_WARN_INT_CONVERSION = YES;
				CLANG_WARN_OBJC_ROOT_CLASS = YES_ERROR;
				CLANG_WARN_UNREACHABLE_CODE = YES;
				CLANG_WARN__DUPLICATE_METHOD_MATCH = YES;
				"CODE_SIGN_IDENTITY[sdk=iphoneos*]" = "iPhone Developer";
				COPY_PHASE_STRIP = NO;
				DEBUG_INFORMATION_FORMAT = "dwarf-with-dsym";
				ENABLE_NS_ASSERTIONS = NO;
				ENABLE_STRICT_OBJC_MSGSEND = YES;
				GCC_C_LANGUAGE_STANDARD = gnu99;
				GCC_NO_COMMON_BLOCKS = YES;
				GCC_WARN_64_TO_32_BIT_CONVERSION = YES;
				GCC_WARN_ABOUT_RETURN_TYPE = YES_ERROR;
				GCC_WARN_UNDECLARED_SELECTOR = YES;
				GCC_WARN_UNINITIALIZED_AUTOS = YES_AGGRESSIVE;
				GCC_WARN_UNUSED_FUNCTION = YES;
				GCC_WARN_UNUSED_VARIABLE = YES;
				IPHONEOS_DEPLOYMENT_TARGET = 9.3;
				MTL_ENABLE_DEBUG_INFO = NO;
				SDKROOT = iphoneos;
				VALIDATE_PRODUCT = YES;
			};
			name = Release;
		};
		537F50641D1EE0D000AB54EF /* Debug */ = {
			isa = XCBuildConfiguration;
			buildSettings = {
				ASSETCATALOG_COMPILER_APPICON_NAME = AppIcon;
				CODE_SIGN_IDENTITY = "iPhone Developer";
				"CODE_SIGN_IDENTITY[sdk=iphoneos*]" = "iPhone Developer";
				INFOPLIST_FILE = "$(SRCROOT)/Smashtag/Info.plist";
				LD_RUNPATH_SEARCH_PATHS = "$(inherited) @executable_path/Frameworks";
				PRODUCT_BUNDLE_IDENTIFIER = llodi.Stanford.learning.Shashtag;
				PRODUCT_NAME = Smashtag;
				PROVISIONING_PROFILE = "";
			};
			name = Debug;
		};
		537F50651D1EE0D000AB54EF /* Release */ = {
			isa = XCBuildConfiguration;
			buildSettings = {
				ASSETCATALOG_COMPILER_APPICON_NAME = AppIcon;
				CODE_SIGN_IDENTITY = "iPhone Developer";
				"CODE_SIGN_IDENTITY[sdk=iphoneos*]" = "iPhone Developer";
				INFOPLIST_FILE = "$(SRCROOT)/Smashtag/Info.plist";
				LD_RUNPATH_SEARCH_PATHS = "$(inherited) @executable_path/Frameworks";
				PRODUCT_BUNDLE_IDENTIFIER = llodi.Stanford.learning.Shashtag;
				PRODUCT_NAME = Smashtag;
				PROVISIONING_PROFILE = "";
			};
			name = Release;
		};
/* End XCBuildConfiguration section */

/* Begin XCConfigurationList section */
		537F504C1D1EE0D000AB54EF /* Build configuration list for PBXProject "Smashtag" */ = {
			isa = XCConfigurationList;
			buildConfigurations = (
				537F50611D1EE0D000AB54EF /* Debug */,
				537F50621D1EE0D000AB54EF /* Release */,
			);
			defaultConfigurationIsVisible = 0;
			defaultConfigurationName = Release;
		};
		537F50631D1EE0D000AB54EF /* Build configuration list for PBXNativeTarget "Smashtag" */ = {
			isa = XCConfigurationList;
			buildConfigurations = (
				537F50641D1EE0D000AB54EF /* Debug */,
				537F50651D1EE0D000AB54EF /* Release */,
			);
			defaultConfigurationIsVisible = 0;
			defaultConfigurationName = Release;
		};
/* End XCConfigurationList section */
	};
	rootObject = 537F50491D1EE0D000AB54EF /* Project object */;
}
